<?xml version="1.0" encoding="UTF-8" standalone="yes" ?>
<CodeBlocks_project_file>
	<FileVersion major="1" minor="6" />
	<Project>
		<Option title="OpenCV Test" />
		<Option pch_mode="2" />
		<Option compiler="gcc" />
		<Build>
			<Target title="Debug">
				<Option output="bin/Debug/OpenCV Test" prefix_auto="1" extension_auto="1" />
				<Option object_output="obj/Debug/" />
				<Option type="1" />
				<Option compiler="gcc" />
				<Compiler>
					<Add option="-std=c++11" />
					<Add option="-g" />
					<Add directory="C:/opencv/build/include" />
					<Add directory="C:/opencv/build/include/opencv2" />
				</Compiler>
				<Linker>
					<Add library="C:/opencv/build/x86/mingw/lib/libade.a" />
					<Add library="C:/opencv/build/x86/mingw/lib/libopencv_calib3d412.dll.a" />
					<Add library="C:/opencv/build/x86/mingw/lib/libopencv_core412.dll.a" />
					<Add library="C:/opencv/build/x86/mingw/lib/libopencv_dnn412.dll.a" />
					<Add library="C:/opencv/build/x86/mingw/lib/libopencv_features2d412.dll.a" />
					<Add library="C:/opencv/build/x86/mingw/lib/libopencv_flann412.dll.a" />
					<Add library="C:/opencv/build/x86/mingw/lib/libopencv_gapi412.dll.a" />
					<Add library="C:/opencv/build/x86/mingw/lib/libopencv_highgui412.dll.a" />
					<Add library="C:/opencv/build/x86/mingw/lib/libopencv_imgcodecs412.dll.a" />
					<Add library="C:/opencv/build/x86/mingw/lib/libopencv_imgproc412.dll.a" />
					<Add library="C:/opencv/build/x86/mingw/lib/libopencv_ml412.dll.a" />
					<Add library="C:/opencv/build/x86/mingw/lib/libopencv_objdetect412.dll.a" />
					<Add library="C:/opencv/build/x86/mingw/lib/libopencv_photo412.dll.a" />
					<Add library="C:/opencv/build/x86/mingw/lib/libopencv_stitching412.dll.a" />
					<Add library="C:/opencv/build/x86/mingw/lib/libopencv_ts412.a" />
					<Add library="C:/opencv/build/x86/mingw/lib/libopencv_video412.dll.a" />
					<Add library="C:/opencv/build/x86/mingw/lib/libopencv_videoio412.dll.a" />
					<Add directory="C:/opencv/build/x86/mingw/lib" />
				</Linker>
			</Target>
			<Target title="Release">
				<Option output="bin/Release/OpenCV Test" prefix_auto="1" extension_auto="1" />
				<Option object_output="obj/Release/" />
				<Option type="0" />
				<Option compiler="gcc" />
				<Compiler>
					<Add option="-O2" />
					<Add option="-s" />
				</Compiler>
			</Target>
			<Environment>
				<Variable name="CV_VERSION" value="412" />
			</Environment>
		</Build>
		<Compiler>
			<Add directory="C:/opencv/build/include" />
		</Compiler>
		<Linker>
			<Add library="opencv_imgproc$(CV_VERSION).dll" />
			<Add library="opencv_core$(CV_VERSION).dll" />
			<Add library="opencv_highgui$(CV_VERSION).dll" />
			<Add directory="C:/opencv/build/x86/mingw/lib" />
			<Add directory="C:/opencv/build/x86/mingw/bin" />
		</Linker>
		<Unit filename="arnold_schwarzenegger.jpg" />
		<Unit filename="main.cpp" />
		<Extensions>
			<code_completion />
			<envvars />
			<debugger />
			<lib_finder disable_auto="1" />
		</Extensions>
	</Project>
</CodeBlocks_project_file>
